
Microsoft Visual Studio Solution File, Format Version 12.00
# Visual Studio Version 16
VisualStudioVersion = 16.0.28315.86
MinimumVisualStudioVersion = 10.0.40219.1
Project("{2150E333-8FDC-42A3-9474-1A3956D46DE8}") = "Engine", "Engine", "{717C0908-896C-4ED3-A078-B264906C81A1}"
EndProject
Project("{2150E333-8FDC-42A3-9474-1A3956D46DE8}") = "Games", "Games", "{34F9CA30-25FB-4D63-AFFD-E5ED17E7DFF9}"
EndProject
Project("{8BC9CEB8-8B4A-11D0-8D11-00A0C91BC942}") = "NeuronNet", "Intermediate\ProjectFiles\NeuronNet.vcxproj", "{6A3077AB-B5DC-4769-A502-68FC502A844B}"
EndProject
Project("{8BC9CEB8-8B4A-11D0-8D11-00A0C91BC942}") = "UE4", "Intermediate\ProjectFiles\UE4.vcxproj", "{2208237C-20CF-4A6B-A9C1-CE56D0A05D3A}"
EndProject
Project("{2150E333-8FDC-42A3-9474-1A3956D46DE8}") = "Visualizers", "Visualizers", "{3DF4E4F1-76C3-4638-9656-BFF6126A88B3}"
	ProjectSection(SolutionItems) = preProject
		..\UE_4.22\Engine\Extras\VisualStudioDebugging\UE4.natvis = ..\UE_4.22\Engine\Extras\VisualStudioDebugging\UE4.natvis
	EndProjectSection
EndProject
Global
	GlobalSection(SolutionConfigurationPlatforms) = preSolution
		DebugGame Editor|HTML5 = DebugGame Editor|HTML5
		DebugGame Editor|Win32 = DebugGame Editor|Win32
		DebugGame Editor|Win64 = DebugGame Editor|Win64
		DebugGame|HTML5 = DebugGame|HTML5
		DebugGame|Win32 = DebugGame|Win32
		DebugGame|Win64 = DebugGame|Win64
		Development Editor|HTML5 = Development Editor|HTML5
		Development Editor|Win32 = Development Editor|Win32
		Development Editor|Win64 = Development Editor|Win64
		Development|HTML5 = Development|HTML5
		Development|Win32 = Development|Win32
		Development|Win64 = Development|Win64
		Shipping|HTML5 = Shipping|HTML5
		Shipping|Win32 = Shipping|Win32
		Shipping|Win64 = Shipping|Win64
	EndGlobalSection
	GlobalSection(ProjectConfigurationPlatforms) = postSolution
		{6A3077AB-B5DC-4769-A502-68FC502A844B}.DebugGame Editor|HTML5.ActiveCfg = Invalid|Win32
		{6A3077AB-B5DC-4769-A502-68FC502A844B}.DebugGame Editor|Win32.ActiveCfg = Invalid|Win32
		{6A3077AB-B5DC-4769-A502-68FC502A844B}.DebugGame Editor|Win64.ActiveCfg = DebugGame_Editor|x64
		{6A3077AB-B5DC-4769-A502-68FC502A844B}.DebugGame Editor|Win64.Build.0 = DebugGame_Editor|x64
		{6A3077AB-B5DC-4769-A502-68FC502A844B}.DebugGame|HTML5.ActiveCfg = HTML5_DebugGame|Win32
		{6A3077AB-B5DC-4769-A502-68FC502A844B}.DebugGame|HTML5.Build.0 = HTML5_DebugGame|Win32
		{6A3077AB-B5DC-4769-A502-68FC502A844B}.DebugGame|Win32.ActiveCfg = DebugGame|Win32
		{6A3077AB-B5DC-4769-A502-68FC502A844B}.DebugGame|Win32.Build.0 = DebugGame|Win32
		{6A3077AB-B5DC-4769-A502-68FC502A844B}.DebugGame|Win64.ActiveCfg = DebugGame|x64
		{6A3077AB-B5DC-4769-A502-68FC502A844B}.DebugGame|Win64.Build.0 = DebugGame|x64
		{6A3077AB-B5DC-4769-A502-68FC502A844B}.Development Editor|HTML5.ActiveCfg = Invalid|Win32
		{6A3077AB-B5DC-4769-A502-68FC502A844B}.Development Editor|Win32.ActiveCfg = Invalid|Win32
		{6A3077AB-B5DC-4769-A502-68FC502A844B}.Development Editor|Win64.ActiveCfg = Development_Editor|x64
		{6A3077AB-B5DC-4769-A502-68FC502A844B}.Development Editor|Win64.Build.0 = Development_Editor|x64
		{6A3077AB-B5DC-4769-A502-68FC502A844B}.Development|HTML5.ActiveCfg = HTML5_Development|Win32
		{6A3077AB-B5DC-4769-A502-68FC502A844B}.Development|HTML5.Build.0 = HTML5_Development|Win32
		{6A3077AB-B5DC-4769-A502-68FC502A844B}.Development|Win32.ActiveCfg = Development|Win32
		{6A3077AB-B5DC-4769-A502-68FC502A844B}.Development|Win32.Build.0 = Development|Win32
		{6A3077AB-B5DC-4769-A502-68FC502A844B}.Development|Win64.ActiveCfg = Development|x64
		{6A3077AB-B5DC-4769-A502-68FC502A844B}.Development|Win64.Build.0 = Development|x64
		{6A3077AB-B5DC-4769-A502-68FC502A844B}.Shipping|HTML5.ActiveCfg = HTML5_Shipping|Win32
		{6A3077AB-B5DC-4769-A502-68FC502A844B}.Shipping|HTML5.Build.0 = HTML5_Shipping|Win32
		{6A3077AB-B5DC-4769-A502-68FC502A844B}.Shipping|Win32.ActiveCfg = Shipping|Win32
		{6A3077AB-B5DC-4769-A502-68FC502A844B}.Shipping|Win32.Build.0 = Shipping|Win32
		{6A3077AB-B5DC-4769-A502-68FC502A844B}.Shipping|Win64.ActiveCfg = Shipping|x64
		{6A3077AB-B5DC-4769-A502-68FC502A844B}.Shipping|Win64.Build.0 = Shipping|x64
		{2208237C-20CF-4A6B-A9C1-CE56D0A05D3A}.DebugGame Editor|HTML5.ActiveCfg = BuiltWithUnrealBuildTool|Win32
		{2208237C-20CF-4A6B-A9C1-CE56D0A05D3A}.DebugGame Editor|Win32.ActiveCfg = BuiltWithUnrealBuildTool|Win32
		{2208237C-20CF-4A6B-A9C1-CE56D0A05D3A}.DebugGame Editor|Win64.ActiveCfg = BuiltWithUnrealBuildTool|Win32
		{2208237C-20CF-4A6B-A9C1-CE56D0A05D3A}.DebugGame|HTML5.ActiveCfg = BuiltWithUnrealBuildTool|Win32
		{2208237C-20CF-4A6B-A9C1-CE56D0A05D3A}.DebugGame|Win32.ActiveCfg = BuiltWithUnrealBuildTool|Win32
		{2208237C-20CF-4A6B-A9C1-CE56D0A05D3A}.DebugGame|Win64.ActiveCfg = BuiltWithUnrealBuildTool|Win32
		{2208237C-20CF-4A6B-A9C1-CE56D0A05D3A}.Development Editor|HTML5.ActiveCfg = BuiltWithUnrealBuildTool|Win32
		{2208237C-20CF-4A6B-A9C1-CE56D0A05D3A}.Development Editor|Win32.ActiveCfg = BuiltWithUnrealBuildTool|Win32
		{2208237C-20CF-4A6B-A9C1-CE56D0A05D3A}.Development Editor|Win64.ActiveCfg = BuiltWithUnrealBuildTool|Win32
		{2208237C-20CF-4A6B-A9C1-CE56D0A05D3A}.Development|HTML5.ActiveCfg = BuiltWithUnrealBuildTool|Win32
		{2208237C-20CF-4A6B-A9C1-CE56D0A05D3A}.Development|Win32.ActiveCfg = BuiltWithUnrealBuildTool|Win32
		{2208237C-20CF-4A6B-A9C1-CE56D0A05D3A}.Development|Win64.ActiveCfg = BuiltWithUnrealBuildTool|Win32
		{2208237C-20CF-4A6B-A9C1-CE56D0A05D3A}.Shipping|HTML5.ActiveCfg = BuiltWithUnrealBuildTool|Win32
		{2208237C-20CF-4A6B-A9C1-CE56D0A05D3A}.Shipping|Win32.ActiveCfg = BuiltWithUnrealBuildTool|Win32
		{2208237C-20CF-4A6B-A9C1-CE56D0A05D3A}.Shipping|Win64.ActiveCfg = BuiltWithUnrealBuildTool|Win32
	EndGlobalSection
	GlobalSection(SolutionProperties) = preSolution
		HideSolutionNode = FALSE
	EndGlobalSection
	GlobalSection(NestedProjects) = preSolution
		{2208237C-20CF-4A6B-A9C1-CE56D0A05D3A} = {717C0908-896C-4ED3-A078-B264906C81A1}
		{6A3077AB-B5DC-4769-A502-68FC502A844B} = {34F9CA30-25FB-4D63-AFFD-E5ED17E7DFF9}
	EndGlobalSection
EndGlobal
